
Microsoft Visual Studio Solution File, Format Version 12.00
# Visual Studio Version 17
VisualStudioVersion = 17.9.34714.143
MinimumVisualStudioVersion = 10.0.40219.1
Project("{8BC9CEB8-8B4A-11D0-8D11-00A0C91BC942}") = "day35", "day35.vcxproj", "{852E1E55-FD72-4A87-A6F4-5730B8E3A504}"
EndProject
Project("{8BC9CEB8-8B4A-11D0-8D11-00A0C91BC942}") = "day37", "..\day37\day37.vcxproj", "{1821F867-CFDB-495A-B1D3-26D1A6BD8CAE}"
EndProject
Global
	GlobalSection(SolutionConfigurationPlatforms) = preSolution
		Debug|x64 = Debug|x64
		Debug|x86 = Debug|x86
		Release|x64 = Release|x64
		Release|x86 = Release|x86
	EndGlobalSection
	GlobalSection(ProjectConfigurationPlatforms) = postSolution
		{852E1E55-FD72-4A87-A6F4-5730B8E3A504}.Debug|x64.ActiveCfg = Debug|x64
		{852E1E55-FD72-4A87-A6F4-5730B8E3A504}.Debug|x64.Build.0 = Debug|x64
		{852E1E55-FD72-4A87-A6F4-5730B8E3A504}.Debug|x86.ActiveCfg = Debug|Win32
		{852E1E55-FD72-4A87-A6F4-5730B8E3A504}.Debug|x86.Build.0 = Debug|Win32
		{852E1E55-FD72-4A87-A6F4-5730B8E3A504}.Release|x64.ActiveCfg = Release|x64
		{852E1E55-FD72-4A87-A6F4-5730B8E3A504}.Release|x64.Build.0 = Release|x64
		{852E1E55-FD72-4A87-A6F4-5730B8E3A504}.Release|x86.ActiveCfg = Release|Win32
		{852E1E55-FD72-4A87-A6F4-5730B8E3A504}.Release|x86.Build.0 = Release|Win32
		{1821F867-CFDB-495A-B1D3-26D1A6BD8CAE}.Debug|x64.ActiveCfg = Debug|x64
		{1821F867-CFDB-495A-B1D3-26D1A6BD8CAE}.Debug|x64.Build.0 = Debug|x64
		{1821F867-CFDB-495A-B1D3-26D1A6BD8CAE}.Debug|x86.ActiveCfg = Debug|Win32
		{1821F867-CFDB-495A-B1D3-26D1A6BD8CAE}.Debug|x86.Build.0 = Debug|Win32
		{1821F867-CFDB-495A-B1D3-26D1A6BD8CAE}.Release|x64.ActiveCfg = Release|x64
		{1821F867-CFDB-495A-B1D3-26D1A6BD8CAE}.Release|x64.Build.0 = Release|x64
		{1821F867-CFDB-495A-B1D3-26D1A6BD8CAE}.Release|x86.ActiveCfg = Release|Win32
		{1821F867-CFDB-495A-B1D3-26D1A6BD8CAE}.Release|x86.Build.0 = Release|Win32
	EndGlobalSection
	GlobalSection(SolutionProperties) = preSolution
		HideSolutionNode = FALSE
	EndGlobalSection
	GlobalSection(ExtensibilityGlobals) = postSolution
		SolutionGuid = {0A502D81-A6A4-4E57-B645-F68EA4C69DEE}
	EndGlobalSection
EndGlobal
