
Microsoft Visual Studio Solution File, Format Version 12.00
# Visual Studio Version 17
VisualStudioVersion = 17.9.34714.143
MinimumVisualStudioVersion = 10.0.40219.1
Project("{8BC9CEB8-8B4A-11D0-8D11-00A0C91BC942}") = "loop", "loop.vcxproj", "{82F801B5-6BB8-4752-946D-EF3ABF7867AE}"
EndProject
Global
	GlobalSection(SolutionConfigurationPlatforms) = preSolution
		Debug|x64 = Debug|x64
		Debug|x86 = Debug|x86
		Release|x64 = Release|x64
		Release|x86 = Release|x86
	EndGlobalSection
	GlobalSection(ProjectConfigurationPlatforms) = postSolution
		{82F801B5-6BB8-4752-946D-EF3ABF7867AE}.Debug|x64.ActiveCfg = Debug|x64
		{82F801B5-6BB8-4752-946D-EF3ABF7867AE}.Debug|x64.Build.0 = Debug|x64
		{82F801B5-6BB8-4752-946D-EF3ABF7867AE}.Debug|x86.ActiveCfg = Debug|Win32
		{82F801B5-6BB8-4752-946D-EF3ABF7867AE}.Debug|x86.Build.0 = Debug|Win32
		{82F801B5-6BB8-4752-946D-EF3ABF7867AE}.Release|x64.ActiveCfg = Release|x64
		{82F801B5-6BB8-4752-946D-EF3ABF7867AE}.Release|x64.Build.0 = Release|x64
		{82F801B5-6BB8-4752-946D-EF3ABF7867AE}.Release|x86.ActiveCfg = Release|Win32
		{82F801B5-6BB8-4752-946D-EF3ABF7867AE}.Release|x86.Build.0 = Release|Win32
	EndGlobalSection
	GlobalSection(SolutionProperties) = preSolution
		HideSolutionNode = FALSE
	EndGlobalSection
	GlobalSection(ExtensibilityGlobals) = postSolution
		SolutionGuid = {9142B50B-0D95-4847-8758-AA49693CA937}
	EndGlobalSection
EndGlobal
