
Microsoft Visual Studio Solution File, Format Version 12.00
# Visual Studio Version 17
VisualStudioVersion = 17.9.34714.143
MinimumVisualStudioVersion = 10.0.40219.1
Project("{8BC9CEB8-8B4A-11D0-8D11-00A0C91BC942}") = "Day 10", "Day 10.vcxproj", "{121D53F0-CE19-4FBD-9C95-805087B98E99}"
EndProject
Global
	GlobalSection(SolutionConfigurationPlatforms) = preSolution
		Debug|x64 = Debug|x64
		Debug|x86 = Debug|x86
		Release|x64 = Release|x64
		Release|x86 = Release|x86
	EndGlobalSection
	GlobalSection(ProjectConfigurationPlatforms) = postSolution
		{121D53F0-CE19-4FBD-9C95-805087B98E99}.Debug|x64.ActiveCfg = Debug|x64
		{121D53F0-CE19-4FBD-9C95-805087B98E99}.Debug|x64.Build.0 = Debug|x64
		{121D53F0-CE19-4FBD-9C95-805087B98E99}.Debug|x86.ActiveCfg = Debug|Win32
		{121D53F0-CE19-4FBD-9C95-805087B98E99}.Debug|x86.Build.0 = Debug|Win32
		{121D53F0-CE19-4FBD-9C95-805087B98E99}.Release|x64.ActiveCfg = Release|x64
		{121D53F0-CE19-4FBD-9C95-805087B98E99}.Release|x64.Build.0 = Release|x64
		{121D53F0-CE19-4FBD-9C95-805087B98E99}.Release|x86.ActiveCfg = Release|Win32
		{121D53F0-CE19-4FBD-9C95-805087B98E99}.Release|x86.Build.0 = Release|Win32
	EndGlobalSection
	GlobalSection(SolutionProperties) = preSolution
		HideSolutionNode = FALSE
	EndGlobalSection
	GlobalSection(ExtensibilityGlobals) = postSolution
		SolutionGuid = {7A2EC170-B181-4A7E-9D18-68D3F97F8CDC}
	EndGlobalSection
EndGlobal
