
Microsoft Visual Studio Solution File, Format Version 12.00
# Visual Studio Version 17
VisualStudioVersion = 17.9.34714.143
MinimumVisualStudioVersion = 10.0.40219.1
Project("{8BC9CEB8-8B4A-11D0-8D11-00A0C91BC942}") = "day 11", "day 11.vcxproj", "{04C53946-9ABB-4D74-85EA-FA05302F4D67}"
EndProject
Global
	GlobalSection(SolutionConfigurationPlatforms) = preSolution
		Debug|x64 = Debug|x64
		Debug|x86 = Debug|x86
		Release|x64 = Release|x64
		Release|x86 = Release|x86
	EndGlobalSection
	GlobalSection(ProjectConfigurationPlatforms) = postSolution
		{04C53946-9ABB-4D74-85EA-FA05302F4D67}.Debug|x64.ActiveCfg = Debug|x64
		{04C53946-9ABB-4D74-85EA-FA05302F4D67}.Debug|x64.Build.0 = Debug|x64
		{04C53946-9ABB-4D74-85EA-FA05302F4D67}.Debug|x86.ActiveCfg = Debug|Win32
		{04C53946-9ABB-4D74-85EA-FA05302F4D67}.Debug|x86.Build.0 = Debug|Win32
		{04C53946-9ABB-4D74-85EA-FA05302F4D67}.Release|x64.ActiveCfg = Release|x64
		{04C53946-9ABB-4D74-85EA-FA05302F4D67}.Release|x64.Build.0 = Release|x64
		{04C53946-9ABB-4D74-85EA-FA05302F4D67}.Release|x86.ActiveCfg = Release|Win32
		{04C53946-9ABB-4D74-85EA-FA05302F4D67}.Release|x86.Build.0 = Release|Win32
	EndGlobalSection
	GlobalSection(SolutionProperties) = preSolution
		HideSolutionNode = FALSE
	EndGlobalSection
	GlobalSection(ExtensibilityGlobals) = postSolution
		SolutionGuid = {BF4B1974-BE7A-4EE0-AE06-F12E01187557}
	EndGlobalSection
EndGlobal
