
Microsoft Visual Studio Solution File, Format Version 12.00
# Visual Studio Version 17
VisualStudioVersion = 17.9.34714.143
MinimumVisualStudioVersion = 10.0.40219.1
Project("{8BC9CEB8-8B4A-11D0-8D11-00A0C91BC942}") = "day 10", "day 10.vcxproj", "{FB3D7001-31D1-4A23-A9E1-288C1C27EBAE}"
EndProject
Global
	GlobalSection(SolutionConfigurationPlatforms) = preSolution
		Debug|x64 = Debug|x64
		Debug|x86 = Debug|x86
		Release|x64 = Release|x64
		Release|x86 = Release|x86
	EndGlobalSection
	GlobalSection(ProjectConfigurationPlatforms) = postSolution
		{FB3D7001-31D1-4A23-A9E1-288C1C27EBAE}.Debug|x64.ActiveCfg = Debug|x64
		{FB3D7001-31D1-4A23-A9E1-288C1C27EBAE}.Debug|x64.Build.0 = Debug|x64
		{FB3D7001-31D1-4A23-A9E1-288C1C27EBAE}.Debug|x86.ActiveCfg = Debug|Win32
		{FB3D7001-31D1-4A23-A9E1-288C1C27EBAE}.Debug|x86.Build.0 = Debug|Win32
		{FB3D7001-31D1-4A23-A9E1-288C1C27EBAE}.Release|x64.ActiveCfg = Release|x64
		{FB3D7001-31D1-4A23-A9E1-288C1C27EBAE}.Release|x64.Build.0 = Release|x64
		{FB3D7001-31D1-4A23-A9E1-288C1C27EBAE}.Release|x86.ActiveCfg = Release|Win32
		{FB3D7001-31D1-4A23-A9E1-288C1C27EBAE}.Release|x86.Build.0 = Release|Win32
	EndGlobalSection
	GlobalSection(SolutionProperties) = preSolution
		HideSolutionNode = FALSE
	EndGlobalSection
	GlobalSection(ExtensibilityGlobals) = postSolution
		SolutionGuid = {352EEF0F-BA99-419A-A5BF-70DC785F40A3}
	EndGlobalSection
EndGlobal
