
Microsoft Visual Studio Solution File, Format Version 12.00
# Visual Studio Version 17
VisualStudioVersion = 17.9.34714.143
MinimumVisualStudioVersion = 10.0.40219.1
Project("{8BC9CEB8-8B4A-11D0-8D11-00A0C91BC942}") = "day30", "day30.vcxproj", "{A87869FD-D354-47F2-B22C-997D3D963267}"
EndProject
Global
	GlobalSection(SolutionConfigurationPlatforms) = preSolution
		Debug|x64 = Debug|x64
		Debug|x86 = Debug|x86
		Release|x64 = Release|x64
		Release|x86 = Release|x86
	EndGlobalSection
	GlobalSection(ProjectConfigurationPlatforms) = postSolution
		{A87869FD-D354-47F2-B22C-997D3D963267}.Debug|x64.ActiveCfg = Debug|x64
		{A87869FD-D354-47F2-B22C-997D3D963267}.Debug|x64.Build.0 = Debug|x64
		{A87869FD-D354-47F2-B22C-997D3D963267}.Debug|x86.ActiveCfg = Debug|Win32
		{A87869FD-D354-47F2-B22C-997D3D963267}.Debug|x86.Build.0 = Debug|Win32
		{A87869FD-D354-47F2-B22C-997D3D963267}.Release|x64.ActiveCfg = Release|x64
		{A87869FD-D354-47F2-B22C-997D3D963267}.Release|x64.Build.0 = Release|x64
		{A87869FD-D354-47F2-B22C-997D3D963267}.Release|x86.ActiveCfg = Release|Win32
		{A87869FD-D354-47F2-B22C-997D3D963267}.Release|x86.Build.0 = Release|Win32
	EndGlobalSection
	GlobalSection(SolutionProperties) = preSolution
		HideSolutionNode = FALSE
	EndGlobalSection
	GlobalSection(ExtensibilityGlobals) = postSolution
		SolutionGuid = {9E4A60B1-EECE-41E8-A7A7-38D2CBCCA190}
	EndGlobalSection
EndGlobal
